// !$*UTF8*$!
{
	archiveVersion = 1;
	classes = {
	};
	objectVersion = 50;
	objects = {

/* Begin PBXBuildFile section */
		DD5A79F126023B2B008FFC90 /* Furnizor_Magazin_produs.cpp in Sources */ = {isa = PBXBuildFile; fileRef = DD5A79EF26023B2B008FFC90 /* Furnizor_Magazin_produs.cpp */; };
		DD5A79FB26023F5F008FFC90 /* Cumparator.cpp in Sources */ = {isa = PBXBuildFile; fileRef = DD5A79F926023F5F008FFC90 /* Cumparator.cpp */; };
		DD5A7A00260246ED008FFC90 /* Comanda.cpp in Sources */ = {isa = PBXBuildFile; fileRef = DD5A79FE260246ED008FFC90 /* Comanda.cpp */; };
		DDBEA43325F932C30037102A /* main.cpp in Sources */ = {isa = PBXBuildFile; fileRef = DDBEA43225F932C30037102A /* main.cpp */; };
/* End PBXBuildFile section */

/* Begin PBXCopyFilesBuildPhase section */
		DDBEA42D25F932C30037102A /* CopyFiles */ = {
			isa = PBXCopyFilesBuildPhase;
			buildActionMask = 2147483647;
			dstPath = /usr/share/man/man1/;
			dstSubfolderSpec = 0;
			files = (
			);
			runOnlyForDeploymentPostprocessing = 1;
		};
/* End PBXCopyFilesBuildPhase section */

/* Begin PBXFileReference section */
		DD5A79EF26023B2B008FFC90 /* Furnizor_Magazin_produs.cpp */ = {isa = PBXFileReference; lastKnownFileType = sourcecode.cpp.cpp; path = Furnizor_Magazin_produs.cpp; sourceTree = "<group>"; };
		DD5A79F926023F5F008FFC90 /* Cumparator.cpp */ = {isa = PBXFileReference; lastKnownFileType = sourcecode.cpp.cpp; path = Cumparator.cpp; sourceTree = "<group>"; };
		DD5A79FE260246ED008FFC90 /* Comanda.cpp */ = {isa = PBXFileReference; lastKnownFileType = sourcecode.cpp.cpp; path = Comanda.cpp; sourceTree = "<group>"; };
		DDBEA42F25F932C30037102A /* Proiect_poo */ = {isa = PBXFileReference; explicitFileType = "compiled.mach-o.executable"; includeInIndex = 0; path = Proiect_poo; sourceTree = BUILT_PRODUCTS_DIR; };
		DDBEA43225F932C30037102A /* main.cpp */ = {isa = PBXFileReference; lastKnownFileType = sourcecode.cpp.cpp; path = main.cpp; sourceTree = "<group>"; };
		DDBEA43A25F933120037102A /* Furnizor_Magazin_Produs.h */ = {isa = PBXFileReference; lastKnownFileType = sourcecode.c.h; path = Furnizor_Magazin_Produs.h; sourceTree = "<group>"; };
		DDBEA43B25F933550037102A /* Cumparator.h */ = {isa = PBXFileReference; lastKnownFileType = sourcecode.c.h; path = Cumparator.h; sourceTree = "<group>"; };
		DDBEA43C25F933840037102A /* Comanda.h */ = {isa = PBXFileReference; lastKnownFileType = sourcecode.c.h; path = Comanda.h; sourceTree = "<group>"; };
/* End PBXFileReference section */

/* Begin PBXFrameworksBuildPhase section */
		DDBEA42C25F932C30037102A /* Frameworks */ = {
			isa = PBXFrameworksBuildPhase;
			buildActionMask = 2147483647;
			files = (
			);
			runOnlyForDeploymentPostprocessing = 0;
		};
/* End PBXFrameworksBuildPhase section */

/* Begin PBXGroup section */
		DDBEA42625F932C30037102A = {
			isa = PBXGroup;
			children = (
				DDBEA43125F932C30037102A /* Proiect_poo */,
				DDBEA43025F932C30037102A /* Products */,
			);
			sourceTree = "<group>";
		};
		DDBEA43025F932C30037102A /* Products */ = {
			isa = PBXGroup;
			children = (
				DDBEA42F25F932C30037102A /* Proiect_poo */,
			);
			name = Products;
			sourceTree = "<group>";
		};
		DDBEA43125F932C30037102A /* Proiect_poo */ = {
			isa = PBXGroup;
			children = (
				DDBEA43225F932C30037102A /* main.cpp */,
				DD5A79EF26023B2B008FFC90 /* Furnizor_Magazin_produs.cpp */,
				DDBEA43A25F933120037102A /* Furnizor_Magazin_Produs.h */,
				DD5A79F926023F5F008FFC90 /* Cumparator.cpp */,
				DDBEA43B25F933550037102A /* Cumparator.h */,
				DD5A79FE260246ED008FFC90 /* Comanda.cpp */,
				DDBEA43C25F933840037102A /* Comanda.h */,
			);
			path = Proiect_poo;
			sourceTree = "<group>";
		};
/* End PBXGroup section */

/* Begin PBXNativeTarget section */
		DDBEA42E25F932C30037102A /* Proiect_poo */ = {
			isa = PBXNativeTarget;
			buildConfigurationList = DDBEA43625F932C30037102A /* Build configuration list for PBXNativeTarget "Proiect_poo" */;
			buildPhases = (
				DDBEA42B25F932C30037102A /* Sources */,
				DDBEA42C25F932C30037102A /* Frameworks */,
				DDBEA42D25F932C30037102A /* CopyFiles */,
			);
			buildRules = (
			);
			dependencies = (
			);
			name = Proiect_poo;
			productName = Proiect_poo;
			productReference = DDBEA42F25F932C30037102A /* Proiect_poo */;
			productType = "com.apple.product-type.tool";
		};
/* End PBXNativeTarget section */

/* Begin PBXProject section */
		DDBEA42725F932C30037102A /* Project object */ = {
			isa = PBXProject;
			attributes = {
				LastUpgradeCheck = 1240;
				TargetAttributes = {
					DDBEA42E25F932C30037102A = {
						CreatedOnToolsVersion = 12.4;
					};
				};
			};
			buildConfigurationList = DDBEA42A25F932C30037102A /* Build configuration list for PBXProject "Proiect_poo" */;
			compatibilityVersion = "Xcode 9.3";
			developmentRegion = en;
			hasScannedForEncodings = 0;
			knownRegions = (
				en,
				Base,
			);
			mainGroup = DDBEA42625F932C30037102A;
			productRefGroup = DDBEA43025F932C30037102A /* Products */;
			projectDirPath = "";
			projectRoot = "";
			targets = (
				DDBEA42E25F932C30037102A /* Proiect_poo */,
			);
		};
/* End PBXProject section */

/* Begin PBXSourcesBuildPhase section */
		DDBEA42B25F932C30037102A /* Sources */ = {
			isa = PBXSourcesBuildPhase;
			buildActionMask = 2147483647;
			files = (
				DDBEA43325F932C30037102A /* main.cpp in Sources */,
				DD5A79F126023B2B008FFC90 /* Furnizor_Magazin_produs.cpp in Sources */,
				DD5A79FB26023F5F008FFC90 /* Cumparator.cpp in Sources */,
				DD5A7A00260246ED008FFC90 /* Comanda.cpp in Sources */,
			);
			runOnlyForDeploymentPostprocessing = 0;
		};
/* End PBXSourcesBuildPhase section */

/* Begin XCBuildConfiguration section */
		DDBEA43425F932C30037102A /* Debug */ = {
			isa = XCBuildConfiguration;
			buildSettings = {
				ALWAYS_SEARCH_USER_PATHS = NO;
				CLANG_ANALYZER_NONNULL = YES;
				CLANG_ANALYZER_NUMBER_OBJECT_CONVERSION = YES_AGGRESSIVE;
				CLANG_CXX_LANGUAGE_STANDARD = "gnu++14";
				CLANG_CXX_LIBRARY = "libc++";
				CLANG_ENABLE_MODULES = YES;
				CLANG_ENABLE_OBJC_ARC = YES;
				CLANG_ENABLE_OBJC_WEAK = YES;
				CLANG_WARN_BLOCK_CAPTURE_AUTORELEASING = YES;
				CLANG_WARN_BOOL_CONVERSION = YES;
				CLANG_WARN_COMMA = YES;
				CLANG_WARN_CONSTANT_CONVERSION = YES;
				CLANG_WARN_DEPRECATED_OBJC_IMPLEMENTATIONS = YES;
				CLANG_WARN_DIRECT_OBJC_ISA_USAGE = YES_ERROR;
				CLANG_WARN_DOCUMENTATION_COMMENTS = YES;
				CLANG_WARN_EMPTY_BODY = YES;
				CLANG_WARN_ENUM_CONVERSION = YES;
				CLANG_WARN_INFINITE_RECURSION = YES;
				CLANG_WARN_INT_CONVERSION = YES;
				CLANG_WARN_NON_LITERAL_NULL_CONVERSION = YES;
				CLANG_WARN_OBJC_IMPLICIT_RETAIN_SELF = YES;
				CLANG_WARN_OBJC_LITERAL_CONVERSION = YES;
				CLANG_WARN_OBJC_ROOT_CLASS = YES_ERROR;
				CLANG_WARN_QUOTED_INCLUDE_IN_FRAMEWORK_HEADER = YES;
				CLANG_WARN_RANGE_LOOP_ANALYSIS = YES;
				CLANG_WARN_STRICT_PROTOTYPES = YES;
				CLANG_WARN_SUSPICIOUS_MOVE = YES;
				CLANG_WARN_UNGUARDED_AVAILABILITY = YES_AGGRESSIVE;
				CLANG_WARN_UNREACHABLE_CODE = YES;
				CLANG_WARN__DUPLICATE_METHOD_MATCH = YES;
				COPY_PHASE_STRIP = NO;
				DEBUG_INFORMATION_FORMAT = dwarf;
				ENABLE_STRICT_OBJC_MSGSEND = YES;
				ENABLE_TESTABILITY = YES;
				GCC_C_LANGUAGE_STANDARD = gnu11;
				GCC_DYNAMIC_NO_PIC = NO;
				GCC_NO_COMMON_BLOCKS = YES;
				GCC_OPTIMIZATION_LEVEL = 0;
				GCC_PREPROCESSOR_DEFINITIONS = (
					"DEBUG=1",
					"$(inherited)",
				);
				GCC_WARN_64_TO_32_BIT_CONVERSION = YES;
				GCC_WARN_ABOUT_RETURN_TYPE = YES_ERROR;
				GCC_WARN_UNDECLARED_SELECTOR = YES;
				GCC_WARN_UNINITIALIZED_AUTOS = YES_AGGRESSIVE;
				GCC_WARN_UNUSED_FUNCTION = YES;
				GCC_WARN_UNUSED_VARIABLE = YES;
				MACOSX_DEPLOYMENT_TARGET = 11.0;
				MTL_ENABLE_DEBUG_INFO = INCLUDE_SOURCE;
				MTL_FAST_MATH = YES;
				ONLY_ACTIVE_ARCH = YES;
				SDKROOT = macosx;
			};
			name = Debug;
		};
		DDBEA43525F932C30037102A /* Release */ = {
			isa = XCBuildConfiguration;
			buildSettings = {
				ALWAYS_SEARCH_USER_PATHS = NO;
				CLANG_ANALYZER_NONNULL = YES;
				CLANG_ANALYZER_NUMBER_OBJECT_CONVERSION = YES_AGGRESSIVE;
				CLANG_CXX_LANGUAGE_STANDARD = "gnu++14";
				CLANG_CXX_LIBRARY = "libc++";
				CLANG_ENABLE_MODULES = YES;
				CLANG_ENABLE_OBJC_ARC = YES;
				CLANG_ENABLE_OBJC_WEAK = YES;
				CLANG_WARN_BLOCK_CAPTURE_AUTORELEASING = YES;
				CLANG_WARN_BOOL_CONVERSION = YES;
				CLANG_WARN_COMMA = YES;
				CLANG_WARN_CONSTANT_CONVERSION = YES;
				CLANG_WARN_DEPRECATED_OBJC_IMPLEMENTATIONS = YES;
				CLANG_WARN_DIRECT_OBJC_ISA_USAGE = YES_ERROR;
				CLANG_WARN_DOCUMENTATION_COMMENTS = YES;
				CLANG_WARN_EMPTY_BODY = YES;
				CLANG_WARN_ENUM_CONVERSION = YES;
				CLANG_WARN_INFINITE_RECURSION = YES;
				CLANG_WARN_INT_CONVERSION = YES;
				CLANG_WARN_NON_LITERAL_NULL_CONVERSION = YES;
				CLANG_WARN_OBJC_IMPLICIT_RETAIN_SELF = YES;
				CLANG_WARN_OBJC_LITERAL_CONVERSION = YES;
				CLANG_WARN_OBJC_ROOT_CLASS = YES_ERROR;
				CLANG_WARN_QUOTED_INCLUDE_IN_FRAMEWORK_HEADER = YES;
				CLANG_WARN_RANGE_LOOP_ANALYSIS = YES;
				CLANG_WARN_STRICT_PROTOTYPES = YES;
				CLANG_WARN_SUSPICIOUS_MOVE = YES;
				CLANG_WARN_UNGUARDED_AVAILABILITY = YES_AGGRESSIVE;
				CLANG_WARN_UNREACHABLE_CODE = YES;
				CLANG_WARN__DUPLICATE_METHOD_MATCH = YES;
				COPY_PHASE_STRIP = NO;
				DEBUG_INFORMATION_FORMAT = "dwarf-with-dsym";
				ENABLE_NS_ASSERTIONS = NO;
				ENABLE_STRICT_OBJC_MSGSEND = YES;
				GCC_C_LANGUAGE_STANDARD = gnu11;
				GCC_NO_COMMON_BLOCKS = YES;
				GCC_WARN_64_TO_32_BIT_CONVERSION = YES;
				GCC_WARN_ABOUT_RETURN_TYPE = YES_ERROR;
				GCC_WARN_UNDECLARED_SELECTOR = YES;
				GCC_WARN_UNINITIALIZED_AUTOS = YES_AGGRESSIVE;
				GCC_WARN_UNUSED_FUNCTION = YES;
				GCC_WARN_UNUSED_VARIABLE = YES;
				MACOSX_DEPLOYMENT_TARGET = 11.0;
				MTL_ENABLE_DEBUG_INFO = NO;
				MTL_FAST_MATH = YES;
				SDKROOT = macosx;
			};
			name = Release;
		};
		DDBEA43725F932C30037102A /* Debug */ = {
			isa = XCBuildConfiguration;
			buildSettings = {
				CODE_SIGN_STYLE = Automatic;
				PRODUCT_NAME = "$(TARGET_NAME)";
			};
			name = Debug;
		};
		DDBEA43825F932C30037102A /* Release */ = {
			isa = XCBuildConfiguration;
			buildSettings = {
				CODE_SIGN_STYLE = Automatic;
				PRODUCT_NAME = "$(TARGET_NAME)";
			};
			name = Release;
		};
/* End XCBuildConfiguration section */

/* Begin XCConfigurationList section */
		DDBEA42A25F932C30037102A /* Build configuration list for PBXProject "Proiect_poo" */ = {
			isa = XCConfigurationList;
			buildConfigurations = (
				DDBEA43425F932C30037102A /* Debug */,
				DDBEA43525F932C30037102A /* Release */,
			);
			defaultConfigurationIsVisible = 0;
			defaultConfigurationName = Release;
		};
		DDBEA43625F932C30037102A /* Build configuration list for PBXNativeTarget "Proiect_poo" */ = {
			isa = XCConfigurationList;
			buildConfigurations = (
				DDBEA43725F932C30037102A /* Debug */,
				DDBEA43825F932C30037102A /* Release */,
			);
			defaultConfigurationIsVisible = 0;
			defaultConfigurationName = Release;
		};
/* End XCConfigurationList section */
	};
	rootObject = DDBEA42725F932C30037102A /* Project object */;
}
